Microsoft Visual Studio Solution File, Format Version 12.00
# Visual Studio Version 17
VisualStudioVersion = 17.5.2.0
MinimumVisualStudioVersion = 10.0.40219.1
Project("{FAE04EC0-301F-11D3-BF4B-00C04F79EFBC}") = "WorkshopGrantSystem", "WorkshopGrantSystem.csproj", "{42C81AC4-2A41-4FBE-3747-4CB9B4DAE27E}"
EndProject
Global
	GlobalSection(SolutionConfigurationPlatforms) = preSolution
		Debug|Any CPU = Debug|Any CPU
		Release|Any CPU = Release|Any CPU
	EndGlobalSection
	GlobalSection(ProjectConfigurationPlatforms) = postSolution
		{42C81AC4-2A41-4FBE-3747-4CB9B4DAE27E}.Debug|Any CPU.ActiveCfg = Debug|Any CPU
		{42C81AC4-2A41-4FBE-3747-4CB9B4DAE27E}.Debug|Any CPU.Build.0 = Debug|Any CPU
		{42C81AC4-2A41-4FBE-3747-4CB9B4DAE27E}.Release|Any CPU.ActiveCfg = Release|Any CPU
		{42C81AC4-2A41-4FBE-3747-4CB9B4DAE27E}.Release|Any CPU.Build.0 = Release|Any CPU
	EndGlobalSection
	GlobalSection(SolutionProperties) = preSolution
		HideSolutionNode = FALSE
	EndGlobalSection
	GlobalSection(ExtensibilityGlobals) = postSolution
		SolutionGuid = {ED57F882-7A43-44F9-8C00-49838FBC660E}
	EndGlobalSection
EndGlobal
